
Microsoft Visual Studio Solution File, Format Version 12.00
# Visual Studio Version 17
VisualStudioVersion = 17.9.34714.143
MinimumVisualStudioVersion = 10.0.40219.1
Project("{8BC9CEB8-8B4A-11D0-8D11-00A0C91BC942}") = "abstarck", "abstarck\abstarck.vcxproj", "{D7075DE2-AFE5-443B-8260-FA400BEB1A1E}"
EndProject
Project("{8BC9CEB8-8B4A-11D0-8D11-00A0C91BC942}") = "polymorphism", "polymorphism\polymorphism.vcxproj", "{89F86738-0914-42A8-A600-A290EC130787}"
EndProject
Project("{8BC9CEB8-8B4A-11D0-8D11-00A0C91BC942}") = "Encapsulation", "Encapsulation\Encapsulation.vcxproj", "{CC0A3EC9-E32C-4461-B7E9-92DD1B5A100E}"
EndProject
Project("{8BC9CEB8-8B4A-11D0-8D11-00A0C91BC942}") = "NoOveriding", "NoOveriding\NoOveriding.vcxproj", "{00AEF753-AA14-48AD-84D5-709A580849F0}"
EndProject
Project("{8BC9CEB8-8B4A-11D0-8D11-00A0C91BC942}") = "NoPewarisan", "NoPewarisan\NoPewarisan.vcxproj", "{A6FC2639-4821-4C5F-87DC-4190E608741F}"
EndProject
Project("{8BC9CEB8-8B4A-11D0-8D11-00A0C91BC942}") = "Multi Waris", "Multi Waris\Multi Waris.vcxproj", "{AA2398C4-1748-4DC6-AF61-B1CA000DEBAB}"
EndProject
Project("{8BC9CEB8-8B4A-11D0-8D11-00A0C91BC942}") = "solve Multi waris", "solve Multi waris\solve Multi waris.vcxproj", "{AB209A66-1F1F-42C0-BCC0-581628EC91E9}"
EndProject
Global
	GlobalSection(SolutionConfigurationPlatforms) = preSolution
		Debug|x64 = Debug|x64
		Debug|x86 = Debug|x86
		Release|x64 = Release|x64
		Release|x86 = Release|x86
	EndGlobalSection
	GlobalSection(ProjectConfigurationPlatforms) = postSolution
		{D7075DE2-AFE5-443B-8260-FA400BEB1A1E}.Debug|x64.ActiveCfg = Debug|x64
		{D7075DE2-AFE5-443B-8260-FA400BEB1A1E}.Debug|x64.Build.0 = Debug|x64
		{D7075DE2-AFE5-443B-8260-FA400BEB1A1E}.Debug|x86.ActiveCfg = Debug|Win32
		{D7075DE2-AFE5-443B-8260-FA400BEB1A1E}.Debug|x86.Build.0 = Debug|Win32
		{D7075DE2-AFE5-443B-8260-FA400BEB1A1E}.Release|x64.ActiveCfg = Release|x64
		{D7075DE2-AFE5-443B-8260-FA400BEB1A1E}.Release|x64.Build.0 = Release|x64
		{D7075DE2-AFE5-443B-8260-FA400BEB1A1E}.Release|x86.ActiveCfg = Release|Win32
		{D7075DE2-AFE5-443B-8260-FA400BEB1A1E}.Release|x86.Build.0 = Release|Win32
		{89F86738-0914-42A8-A600-A290EC130787}.Debug|x64.ActiveCfg = Debug|x64
		{89F86738-0914-42A8-A600-A290EC130787}.Debug|x64.Build.0 = Debug|x64
		{89F86738-0914-42A8-A600-A290EC130787}.Debug|x86.ActiveCfg = Debug|Win32
		{89F86738-0914-42A8-A600-A290EC130787}.Debug|x86.Build.0 = Debug|Win32
		{89F86738-0914-42A8-A600-A290EC130787}.Release|x64.ActiveCfg = Release|x64
		{89F86738-0914-42A8-A600-A290EC130787}.Release|x64.Build.0 = Release|x64
		{89F86738-0914-42A8-A600-A290EC130787}.Release|x86.ActiveCfg = Release|Win32
		{89F86738-0914-42A8-A600-A290EC130787}.Release|x86.Build.0 = Release|Win32
		{CC0A3EC9-E32C-4461-B7E9-92DD1B5A100E}.Debug|x64.ActiveCfg = Debug|x64
		{CC0A3EC9-E32C-4461-B7E9-92DD1B5A100E}.Debug|x64.Build.0 = Debug|x64
		{CC0A3EC9-E32C-4461-B7E9-92DD1B5A100E}.Debug|x86.ActiveCfg = Debug|Win32
		{CC0A3EC9-E32C-4461-B7E9-92DD1B5A100E}.Debug|x86.Build.0 = Debug|Win32
		{CC0A3EC9-E32C-4461-B7E9-92DD1B5A100E}.Release|x64.ActiveCfg = Release|x64
		{CC0A3EC9-E32C-4461-B7E9-92DD1B5A100E}.Release|x64.Build.0 = Release|x64
		{CC0A3EC9-E32C-4461-B7E9-92DD1B5A100E}.Release|x86.ActiveCfg = Release|Win32
		{CC0A3EC9-E32C-4461-B7E9-92DD1B5A100E}.Release|x86.Build.0 = Release|Win32
		{00AEF753-AA14-48AD-84D5-709A580849F0}.Debug|x64.ActiveCfg = Debug|x64
		{00AEF753-AA14-48AD-84D5-709A580849F0}.Debug|x64.Build.0 = Debug|x64
		{00AEF753-AA14-48AD-84D5-709A580849F0}.Debug|x86.ActiveCfg = Debug|Win32
		{00AEF753-AA14-48AD-84D5-709A580849F0}.Debug|x86.Build.0 = Debug|Win32
		{00AEF753-AA14-48AD-84D5-709A580849F0}.Release|x64.ActiveCfg = Release|x64
		{00AEF753-AA14-48AD-84D5-709A580849F0}.Release|x64.Build.0 = Release|x64
		{00AEF753-AA14-48AD-84D5-709A580849F0}.Release|x86.ActiveCfg = Release|Win32
		{00AEF753-AA14-48AD-84D5-709A580849F0}.Release|x86.Build.0 = Release|Win32
		{A6FC2639-4821-4C5F-87DC-4190E608741F}.Debug|x64.ActiveCfg = Debug|x64
		{A6FC2639-4821-4C5F-87DC-4190E608741F}.Debug|x64.Build.0 = Debug|x64
		{A6FC2639-4821-4C5F-87DC-4190E608741F}.Debug|x86.ActiveCfg = Debug|Win32
		{A6FC2639-4821-4C5F-87DC-4190E608741F}.Debug|x86.Build.0 = Debug|Win32
		{A6FC2639-4821-4C5F-87DC-4190E608741F}.Release|x64.ActiveCfg = Release|x64
		{A6FC2639-4821-4C5F-87DC-4190E608741F}.Release|x64.Build.0 = Release|x64
		{A6FC2639-4821-4C5F-87DC-4190E608741F}.Release|x86.ActiveCfg = Release|Win32
		{A6FC2639-4821-4C5F-87DC-4190E608741F}.Release|x86.Build.0 = Release|Win32
		{AA2398C4-1748-4DC6-AF61-B1CA000DEBAB}.Debug|x64.ActiveCfg = Debug|x64
		{AA2398C4-1748-4DC6-AF61-B1CA000DEBAB}.Debug|x64.Build.0 = Debug|x64
		{AA2398C4-1748-4DC6-AF61-B1CA000DEBAB}.Debug|x86.ActiveCfg = Debug|Win32
		{AA2398C4-1748-4DC6-AF61-B1CA000DEBAB}.Debug|x86.Build.0 = Debug|Win32
		{AA2398C4-1748-4DC6-AF61-B1CA000DEBAB}.Release|x64.ActiveCfg = Release|x64
		{AA2398C4-1748-4DC6-AF61-B1CA000DEBAB}.Release|x64.Build.0 = Release|x64
		{AA2398C4-1748-4DC6-AF61-B1CA000DEBAB}.Release|x86.ActiveCfg = Release|Win32
		{AA2398C4-1748-4DC6-AF61-B1CA000DEBAB}.Release|x86.Build.0 = Release|Win32
		{AB209A66-1F1F-42C0-BCC0-581628EC91E9}.Debug|x64.ActiveCfg = Debug|x64
		{AB209A66-1F1F-42C0-BCC0-581628EC91E9}.Debug|x64.Build.0 = Debug|x64
		{AB209A66-1F1F-42C0-BCC0-581628EC91E9}.Debug|x86.ActiveCfg = Debug|Win32
		{AB209A66-1F1F-42C0-BCC0-581628EC91E9}.Debug|x86.Build.0 = Debug|Win32
		{AB209A66-1F1F-42C0-BCC0-581628EC91E9}.Release|x64.ActiveCfg = Release|x64
		{AB209A66-1F1F-42C0-BCC0-581628EC91E9}.Release|x64.Build.0 = Release|x64
		{AB209A66-1F1F-42C0-BCC0-581628EC91E9}.Release|x86.ActiveCfg = Release|Win32
		{AB209A66-1F1F-42C0-BCC0-581628EC91E9}.Release|x86.Build.0 = Release|Win32
	EndGlobalSection
	GlobalSection(SolutionProperties) = preSolution
		HideSolutionNode = FALSE
	EndGlobalSection
	GlobalSection(ExtensibilityGlobals) = postSolution
		SolutionGuid = {A229313C-EBB8-4216-918C-F7470E3E7C2B}
	EndGlobalSection
EndGlobal
